
Microsoft Visual Studio Solution File, Format Version 12.00
# Visual Studio Version 17
VisualStudioVersion = 17.0.31903.59
MinimumVisualStudioVersion = 10.0.40219.1
Project("{2150E333-8FDC-42A3-9474-1A3956D46DE8}") = "src", "src", "{0B664B3D-9076-4D31-9364-74C0A9D17937}"
EndProject
Project("{2150E333-8FDC-42A3-9474-1A3956D46DE8}") = "CommonFeatures.Core", "CommonFeatures.Core", "{DD002750-1591-40D5-B0F2-1BF264BF042A}"
EndProject
Project("{2150E333-8FDC-42A3-9474-1A3956D46DE8}") = "tests", "tests", "{617B8014-5C74-474A-9F43-E5D6C3D78273}"
EndProject
Project("{FAE04EC0-301F-11D3-BF4B-00C04F79EFBC}") = "CommonFeatures.Core.Data.Tests", "tests\core\CommonFeatures.Core.Data.Tests\CommonFeatures.Core.Data.Tests.csproj", "{9828B3AC-8BFA-4F40-BED9-6D1076F75EC3}"
EndProject
Project("{FAE04EC0-301F-11D3-BF4B-00C04F79EFBC}") = "CommonFeatures.Core.Data", "src\backend\core\CommonFeatures.Core.Data\CommonFeatures.Core.Data.csproj", "{7BAAC87D-C64A-4C34-94D2-B24F5138698D}"
EndProject
Project("{2150E333-8FDC-42A3-9474-1A3956D46DE8}") = "CommonFeatures.Core", "CommonFeatures.Core", "{F6013CBB-E410-4656-843D-67CE9E8A2F54}"
EndProject
Project("{FAE04EC0-301F-11D3-BF4B-00C04F79EFBC}") = "CommonFeatures.Core.Common", "src\backend\core\CommonFeatures.Core.Common\CommonFeatures.Core.Common.csproj", "{47701321-8EA8-4177-AF0C-1E07252692A0}"
EndProject
Project("{2150E333-8FDC-42A3-9474-1A3956D46DE8}") = "CommonFeatures.Auth", "CommonFeatures.Auth", "{0C18B572-4343-489E-B393-38E853A92802}"
EndProject
Project("{2150E333-8FDC-42A3-9474-1A3956D46DE8}") = "CommonFeatures.Notification", "CommonFeatures.Notification", "{480B9C9C-5695-4647-8473-F1C4BC753CB3}"
EndProject
Project("{2150E333-8FDC-42A3-9474-1A3956D46DE8}") = "CommonFeatures.Verification", "CommonFeatures.Verification", "{41A392EC-901B-424D-ACD0-56B3CEA79C2A}"
EndProject
Project("{2150E333-8FDC-42A3-9474-1A3956D46DE8}") = "CommonFeatures.AccountManagement", "CommonFeatures.AccountManagement", "{1F77FA85-8630-4EA0-895E-1866AC1E7FB6}"
EndProject
Project("{2150E333-8FDC-42A3-9474-1A3956D46DE8}") = "CommonFeatures.API.Gateway", "CommonFeatures.API.Gateway", "{DC7C8439-30D9-41AD-BBF6-390F1C46690B}"
EndProject
Project("{FAE04EC0-301F-11D3-BF4B-00C04F79EFBC}") = "CommonFeatures.API.Gateway", "src\backend\gateway\CommonFeatures.API.Gateway\CommonFeatures.API.Gateway.csproj", "{EDA1CCBB-F1F8-44F2-9A9A-7885A72269DA}"
EndProject
Project("{FAE04EC0-301F-11D3-BF4B-00C04F79EFBC}") = "CommonFeatures.AccountManagement", "src\backend\account-management\CommonFeatures.AccountManagement\CommonFeatures.AccountManagement.csproj", "{BC6C4E06-BAFC-4653-B931-5063D660908A}"
EndProject
Project("{FAE04EC0-301F-11D3-BF4B-00C04F79EFBC}") = "CommonFeatures.Auth", "src\backend\auth\CommonFeatures.Auth\CommonFeatures.Auth.csproj", "{1FFEF725-D0A1-4E82-9708-66E1D3C0BE7E}"
EndProject
Project("{FAE04EC0-301F-11D3-BF4B-00C04F79EFBC}") = "CommonFeatures.Notification", "src\backend\notification\CommonFeatures.Notification\CommonFeatures.Notification.csproj", "{66A9E712-AAE5-4C1D-9F29-C60206DC98D0}"
EndProject
Project("{FAE04EC0-301F-11D3-BF4B-00C04F79EFBC}") = "CommonFeatures.Verification", "src\backend\verification\CommonFeatures.Verification\CommonFeatures.Verification.csproj", "{DB4CA70D-148B-43D7-8377-13CC67F11C39}"
EndProject
Project("{2150E333-8FDC-42A3-9474-1A3956D46DE8}") = "CommonFeatures.API.Gateway", "CommonFeatures.API.Gateway", "{E6ADCF6B-7E63-4BE3-B2FC-5D5BB98ED8CB}"
EndProject
Project("{FAE04EC0-301F-11D3-BF4B-00C04F79EFBC}") = "CommonFeatures.API.Gateway", "tests\gateway\CommonFeatures.API.Gateway\CommonFeatures.API.Gateway.csproj", "{79CED54E-B27B-4D83-9F45-DFAD4321B5DC}"
EndProject
Global
	GlobalSection(SolutionConfigurationPlatforms) = preSolution
		Debug|Any CPU = Debug|Any CPU
		Release|Any CPU = Release|Any CPU
	EndGlobalSection
	GlobalSection(SolutionProperties) = preSolution
		HideSolutionNode = FALSE
	EndGlobalSection
	GlobalSection(ProjectConfigurationPlatforms) = postSolution
		{9828B3AC-8BFA-4F40-BED9-6D1076F75EC3}.Debug|Any CPU.ActiveCfg = Debug|Any CPU
		{9828B3AC-8BFA-4F40-BED9-6D1076F75EC3}.Debug|Any CPU.Build.0 = Debug|Any CPU
		{9828B3AC-8BFA-4F40-BED9-6D1076F75EC3}.Release|Any CPU.ActiveCfg = Release|Any CPU
		{9828B3AC-8BFA-4F40-BED9-6D1076F75EC3}.Release|Any CPU.Build.0 = Release|Any CPU
		{7BAAC87D-C64A-4C34-94D2-B24F5138698D}.Debug|Any CPU.ActiveCfg = Debug|Any CPU
		{7BAAC87D-C64A-4C34-94D2-B24F5138698D}.Debug|Any CPU.Build.0 = Debug|Any CPU
		{7BAAC87D-C64A-4C34-94D2-B24F5138698D}.Release|Any CPU.ActiveCfg = Release|Any CPU
		{7BAAC87D-C64A-4C34-94D2-B24F5138698D}.Release|Any CPU.Build.0 = Release|Any CPU
		{47701321-8EA8-4177-AF0C-1E07252692A0}.Debug|Any CPU.ActiveCfg = Debug|Any CPU
		{47701321-8EA8-4177-AF0C-1E07252692A0}.Debug|Any CPU.Build.0 = Debug|Any CPU
		{47701321-8EA8-4177-AF0C-1E07252692A0}.Release|Any CPU.ActiveCfg = Release|Any CPU
		{47701321-8EA8-4177-AF0C-1E07252692A0}.Release|Any CPU.Build.0 = Release|Any CPU
		{EDA1CCBB-F1F8-44F2-9A9A-7885A72269DA}.Debug|Any CPU.ActiveCfg = Debug|Any CPU
		{EDA1CCBB-F1F8-44F2-9A9A-7885A72269DA}.Debug|Any CPU.Build.0 = Debug|Any CPU
		{EDA1CCBB-F1F8-44F2-9A9A-7885A72269DA}.Release|Any CPU.ActiveCfg = Release|Any CPU
		{EDA1CCBB-F1F8-44F2-9A9A-7885A72269DA}.Release|Any CPU.Build.0 = Release|Any CPU
		{BC6C4E06-BAFC-4653-B931-5063D660908A}.Debug|Any CPU.ActiveCfg = Debug|Any CPU
		{BC6C4E06-BAFC-4653-B931-5063D660908A}.Debug|Any CPU.Build.0 = Debug|Any CPU
		{BC6C4E06-BAFC-4653-B931-5063D660908A}.Release|Any CPU.ActiveCfg = Release|Any CPU
		{BC6C4E06-BAFC-4653-B931-5063D660908A}.Release|Any CPU.Build.0 = Release|Any CPU
		{1FFEF725-D0A1-4E82-9708-66E1D3C0BE7E}.Debug|Any CPU.ActiveCfg = Debug|Any CPU
		{1FFEF725-D0A1-4E82-9708-66E1D3C0BE7E}.Debug|Any CPU.Build.0 = Debug|Any CPU
		{1FFEF725-D0A1-4E82-9708-66E1D3C0BE7E}.Release|Any CPU.ActiveCfg = Release|Any CPU
		{1FFEF725-D0A1-4E82-9708-66E1D3C0BE7E}.Release|Any CPU.Build.0 = Release|Any CPU
		{66A9E712-AAE5-4C1D-9F29-C60206DC98D0}.Debug|Any CPU.ActiveCfg = Debug|Any CPU
		{66A9E712-AAE5-4C1D-9F29-C60206DC98D0}.Debug|Any CPU.Build.0 = Debug|Any CPU
		{66A9E712-AAE5-4C1D-9F29-C60206DC98D0}.Release|Any CPU.ActiveCfg = Release|Any CPU
		{66A9E712-AAE5-4C1D-9F29-C60206DC98D0}.Release|Any CPU.Build.0 = Release|Any CPU
		{DB4CA70D-148B-43D7-8377-13CC67F11C39}.Debug|Any CPU.ActiveCfg = Debug|Any CPU
		{DB4CA70D-148B-43D7-8377-13CC67F11C39}.Debug|Any CPU.Build.0 = Debug|Any CPU
		{DB4CA70D-148B-43D7-8377-13CC67F11C39}.Release|Any CPU.ActiveCfg = Release|Any CPU
		{DB4CA70D-148B-43D7-8377-13CC67F11C39}.Release|Any CPU.Build.0 = Release|Any CPU
		{79CED54E-B27B-4D83-9F45-DFAD4321B5DC}.Debug|Any CPU.ActiveCfg = Debug|Any CPU
		{79CED54E-B27B-4D83-9F45-DFAD4321B5DC}.Debug|Any CPU.Build.0 = Debug|Any CPU
		{79CED54E-B27B-4D83-9F45-DFAD4321B5DC}.Release|Any CPU.ActiveCfg = Release|Any CPU
		{79CED54E-B27B-4D83-9F45-DFAD4321B5DC}.Release|Any CPU.Build.0 = Release|Any CPU
	EndGlobalSection
	GlobalSection(NestedProjects) = preSolution
		{DD002750-1591-40D5-B0F2-1BF264BF042A} = {0B664B3D-9076-4D31-9364-74C0A9D17937}
		{7BAAC87D-C64A-4C34-94D2-B24F5138698D} = {DD002750-1591-40D5-B0F2-1BF264BF042A}
		{F6013CBB-E410-4656-843D-67CE9E8A2F54} = {617B8014-5C74-474A-9F43-E5D6C3D78273}
		{9828B3AC-8BFA-4F40-BED9-6D1076F75EC3} = {F6013CBB-E410-4656-843D-67CE9E8A2F54}
		{47701321-8EA8-4177-AF0C-1E07252692A0} = {DD002750-1591-40D5-B0F2-1BF264BF042A}
		{0C18B572-4343-489E-B393-38E853A92802} = {0B664B3D-9076-4D31-9364-74C0A9D17937}
		{480B9C9C-5695-4647-8473-F1C4BC753CB3} = {0B664B3D-9076-4D31-9364-74C0A9D17937}
		{41A392EC-901B-424D-ACD0-56B3CEA79C2A} = {0B664B3D-9076-4D31-9364-74C0A9D17937}
		{1F77FA85-8630-4EA0-895E-1866AC1E7FB6} = {0B664B3D-9076-4D31-9364-74C0A9D17937}
		{DC7C8439-30D9-41AD-BBF6-390F1C46690B} = {0B664B3D-9076-4D31-9364-74C0A9D17937}
		{EDA1CCBB-F1F8-44F2-9A9A-7885A72269DA} = {DC7C8439-30D9-41AD-BBF6-390F1C46690B}
		{BC6C4E06-BAFC-4653-B931-5063D660908A} = {1F77FA85-8630-4EA0-895E-1866AC1E7FB6}
		{1FFEF725-D0A1-4E82-9708-66E1D3C0BE7E} = {0C18B572-4343-489E-B393-38E853A92802}
		{66A9E712-AAE5-4C1D-9F29-C60206DC98D0} = {480B9C9C-5695-4647-8473-F1C4BC753CB3}
		{DB4CA70D-148B-43D7-8377-13CC67F11C39} = {41A392EC-901B-424D-ACD0-56B3CEA79C2A}
		{E6ADCF6B-7E63-4BE3-B2FC-5D5BB98ED8CB} = {617B8014-5C74-474A-9F43-E5D6C3D78273}
		{79CED54E-B27B-4D83-9F45-DFAD4321B5DC} = {E6ADCF6B-7E63-4BE3-B2FC-5D5BB98ED8CB}
	EndGlobalSection
EndGlobal
