
Microsoft Visual Studio Solution File, Format Version 12.00
# Visual Studio Version 17
VisualStudioVersion = 17.0.31903.59
MinimumVisualStudioVersion = 10.0.40219.1
Project("{2150E333-8FDC-42A3-9474-1A3956D46DE8}") = "src", "src", "{0B664B3D-9076-4D31-9364-74C0A9D17937}"
EndProject
Project("{2150E333-8FDC-42A3-9474-1A3956D46DE8}") = "EasyStart.Core", "EasyStart.Core", "{DD002750-1591-40D5-B0F2-1BF264BF042A}"
EndProject
Project("{2150E333-8FDC-42A3-9474-1A3956D46DE8}") = "tests", "tests", "{617B8014-5C74-474A-9F43-E5D6C3D78273}"
EndProject
Project("{FAE04EC0-301F-11D3-BF4B-00C04F79EFBC}") = "EasyStart.Core.Data.Tests", "tests\core\EasyStart.Core.Data.Tests\EasyStart.Core.Data.Tests.csproj", "{9828B3AC-8BFA-4F40-BED9-6D1076F75EC3}"
EndProject
Project("{FAE04EC0-301F-11D3-BF4B-00C04F79EFBC}") = "EasyStart.Core.Data", "src\backend\core\EasyStart.Core.Data\EasyStart.Core.Data.csproj", "{7BAAC87D-C64A-4C34-94D2-B24F5138698D}"
EndProject
Project("{2150E333-8FDC-42A3-9474-1A3956D46DE8}") = "EasyStart.Core", "EasyStart.Core", "{F6013CBB-E410-4656-843D-67CE9E8A2F54}"
EndProject
Project("{FAE04EC0-301F-11D3-BF4B-00C04F79EFBC}") = "EasyStart.Core.Common", "src\backend\core\EasyStart.Core.Common\EasyStart.Core.Common.csproj", "{47701321-8EA8-4177-AF0C-1E07252692A0}"
EndProject
Project("{2150E333-8FDC-42A3-9474-1A3956D46DE8}") = "EasyStart.Auth", "EasyStart.Auth", "{0C18B572-4343-489E-B393-38E853A92802}"
EndProject
Project("{2150E333-8FDC-42A3-9474-1A3956D46DE8}") = "EasyStart.Notification", "EasyStart.Notification", "{480B9C9C-5695-4647-8473-F1C4BC753CB3}"
EndProject
Project("{2150E333-8FDC-42A3-9474-1A3956D46DE8}") = "EasyStart.Verification", "EasyStart.Verification", "{41A392EC-901B-424D-ACD0-56B3CEA79C2A}"
EndProject
Project("{2150E333-8FDC-42A3-9474-1A3956D46DE8}") = "EasyStart.AccountManagement", "EasyStart.AccountManagement", "{1F77FA85-8630-4EA0-895E-1866AC1E7FB6}"
EndProject
Project("{2150E333-8FDC-42A3-9474-1A3956D46DE8}") = "EasyStart.API.Gateway", "EasyStart.API.Gateway", "{DC7C8439-30D9-41AD-BBF6-390F1C46690B}"
EndProject
Project("{FAE04EC0-301F-11D3-BF4B-00C04F79EFBC}") = "EasyStart.API.Gateway", "src\backend\gateway\EasyStart.API.Gateway\EasyStart.API.Gateway.csproj", "{EDA1CCBB-F1F8-44F2-9A9A-7885A72269DA}"
EndProject
Project("{FAE04EC0-301F-11D3-BF4B-00C04F79EFBC}") = "EasyStart.AccountManagement", "src\backend\account-management\EasyStart.AccountManagement\EasyStart.AccountManagement.csproj", "{BC6C4E06-BAFC-4653-B931-5063D660908A}"
EndProject
Project("{FAE04EC0-301F-11D3-BF4B-00C04F79EFBC}") = "EasyStart.Notification", "src\backend\notification\EasyStart.Notification\EasyStart.Notification.csproj", "{66A9E712-AAE5-4C1D-9F29-C60206DC98D0}"
EndProject
Project("{FAE04EC0-301F-11D3-BF4B-00C04F79EFBC}") = "EasyStart.Verification", "src\backend\verification\EasyStart.Verification\EasyStart.Verification.csproj", "{DB4CA70D-148B-43D7-8377-13CC67F11C39}"
EndProject
Project("{2150E333-8FDC-42A3-9474-1A3956D46DE8}") = "EasyStart.API.Gateway", "EasyStart.API.Gateway", "{E6ADCF6B-7E63-4BE3-B2FC-5D5BB98ED8CB}"
EndProject
Project("{FAE04EC0-301F-11D3-BF4B-00C04F79EFBC}") = "EasyStart.API.Gateway.Tests", "tests\gateway\EasyStart.API.Gateway.Tests\EasyStart.API.Gateway.Tests.csproj", "{79CED54E-B27B-4D83-9F45-DFAD4321B5DC}"
EndProject
Project("{2150E333-8FDC-42A3-9474-1A3956D46DE8}") = "EasyStart.Auth", "EasyStart.Auth", "{E5833641-347B-4460-9C01-AAFE6B59D60B}"
EndProject
Project("{2150E333-8FDC-42A3-9474-1A3956D46DE8}") = "EasyStart.Account.Management", "EasyStart.Account.Management", "{AD8CAAB8-D984-46AC-ABCA-D337F3901B73}"
EndProject
Project("{2150E333-8FDC-42A3-9474-1A3956D46DE8}") = "EasyStart.Notification", "EasyStart.Notification", "{C52EBDAA-A454-478B-9B09-12CAE715DF9E}"
EndProject
Project("{2150E333-8FDC-42A3-9474-1A3956D46DE8}") = "EasyStart.Verification", "EasyStart.Verification", "{94A6E68A-F618-4CD6-A188-A139761DC397}"
EndProject
Project("{FAE04EC0-301F-11D3-BF4B-00C04F79EFBC}") = "EasyStart.Account.Management.Data", "src\backend\account-management\EasyStart.Account.Management.Data\EasyStart.Account.Management.Data.csproj", "{D1E05F8F-1F5E-4BB3-AE88-ADC0D96F7664}"
EndProject
Project("{FAE04EC0-301F-11D3-BF4B-00C04F79EFBC}") = "EasyStart.Account.Management.Contracts", "src\backend\account-management\EasyStart.Account.Management.Contracts\EasyStart.Account.Management.Contracts.csproj", "{7FDA402E-582D-40E1-A66D-8A51643D30F2}"
EndProject
Project("{FAE04EC0-301F-11D3-BF4B-00C04F79EFBC}") = "EasyStart.Account.Management.Settings", "src\backend\account-management\EasyStart.Account.Management.Settings\EasyStart.Account.Management.Settings.csproj", "{81C8C786-C47F-451F-971B-6487465818DD}"
EndProject
Project("{FAE04EC0-301F-11D3-BF4B-00C04F79EFBC}") = "EasyStart.Auth.Data", "src\backend\auth\EasyStart.Auth.Data\EasyStart.Auth.Data.csproj", "{FF0F47BF-4AB5-4C2C-814E-D9FD4FC2EC64}"
EndProject
Project("{FAE04EC0-301F-11D3-BF4B-00C04F79EFBC}") = "EasyStart.API.Gateway.Settings", "src\backend\gateway\EasyStart.API.Gateway.Settings\EasyStart.API.Gateway.Settings.csproj", "{3FC634A3-E1D9-43B1-8789-03EECCFABCC9}"
EndProject
Project("{FAE04EC0-301F-11D3-BF4B-00C04F79EFBC}") = "EasyStart.Auth.Settings", "src\backend\auth\EasyStart.Auth.Settings\EasyStart.Auth.Settings.csproj", "{F73F86E7-FE31-4E16-835C-7B35E01004BB}"
EndProject
Project("{FAE04EC0-301F-11D3-BF4B-00C04F79EFBC}") = "EasyStart.Auth.Contracts", "src\backend\auth\EasyStart.Auth.Contracts\EasyStart.Auth.Contracts.csproj", "{A600AD7A-A7DA-40AC-B000-B80AB1A89764}"
EndProject
Project("{FAE04EC0-301F-11D3-BF4B-00C04F79EFBC}") = "EasyStart.Notification.Data", "src\backend\notification\EasyStart.Notification.Data\EasyStart.Notification.Data.csproj", "{8A9ECD68-F8D8-46D9-BBFD-2DB79F8BCA45}"
EndProject
Project("{FAE04EC0-301F-11D3-BF4B-00C04F79EFBC}") = "EasyStart.Notification.Contracts", "src\backend\notification\EasyStart.Notification.Contracts\EasyStart.Notification.Contracts.csproj", "{01F923B2-6B2F-4167-B2A1-86AC4310D8DF}"
EndProject
Project("{FAE04EC0-301F-11D3-BF4B-00C04F79EFBC}") = "EasyStart.Notification.Settings", "src\backend\notification\EasyStart.Notification.Settings\EasyStart.Notification.Settings.csproj", "{D2F203D5-5B0C-41DC-A15B-19FEFF1D13A0}"
EndProject
Project("{FAE04EC0-301F-11D3-BF4B-00C04F79EFBC}") = "EasyStart.Verification.Data", "src\backend\verification\EasyStart.Verification.Data\EasyStart.Verification.Data.csproj", "{F356DDBF-7805-4CA3-A2A5-D72E92415E34}"
EndProject
Project("{FAE04EC0-301F-11D3-BF4B-00C04F79EFBC}") = "EasyStart.Verification.Settings", "src\backend\verification\EasyStart.Verification.Settings\EasyStart.Verification.Settings.csproj", "{A0FD12B3-438F-4264-81F3-E164E7957949}"
EndProject
Project("{FAE04EC0-301F-11D3-BF4B-00C04F79EFBC}") = "EasyStart.Verification.Contracts", "src\backend\verification\EasyStart.Verification.Contracts\EasyStart.Verification.Contracts.csproj", "{EF246E82-82EC-4167-A119-DEB244EF92C5}"
EndProject
Project("{FAE04EC0-301F-11D3-BF4B-00C04F79EFBC}") = "EasyStart.Account.Management.Tests", "tests\account-management\EasyStart.Account.Management.Tests\EasyStart.Account.Management.Tests.csproj", "{FD687BE9-39EC-4E89-8FCE-B8F36D4477D6}"
EndProject
Project("{FAE04EC0-301F-11D3-BF4B-00C04F79EFBC}") = "EasyStart.Auth.Tests", "tests\auth\EasyStart.Auth.Tests\EasyStart.Auth.Tests.csproj", "{85C35312-C351-464F-B601-9F858077D32F}"
EndProject
Project("{FAE04EC0-301F-11D3-BF4B-00C04F79EFBC}") = "EasyStart.Notification.Tests", "tests\notification\EasyStart.Notification.Tests\EasyStart.Notification.Tests.csproj", "{360F3381-D611-4E30-A408-88A55E4B1711}"
EndProject
Project("{FAE04EC0-301F-11D3-BF4B-00C04F79EFBC}") = "EasyStart.Verification.Tests", "tests\verification\EasyStart.Verification.Tests\EasyStart.Verification.Tests.csproj", "{A51BED9C-DB3C-4A21-BAA0-F83F683B1091}"
EndProject
Project("{FAE04EC0-301F-11D3-BF4B-00C04F79EFBC}") = "EasyStart.Auth", "src\backend\auth\EasyStart.Auth\EasyStart.Auth.csproj", "{8994BD62-839A-4558-80DA-DF46380C9493}"
EndProject
Global
	GlobalSection(SolutionConfigurationPlatforms) = preSolution
		Debug|Any CPU = Debug|Any CPU
		Release|Any CPU = Release|Any CPU
	EndGlobalSection
	GlobalSection(SolutionProperties) = preSolution
		HideSolutionNode = FALSE
	EndGlobalSection
	GlobalSection(ProjectConfigurationPlatforms) = postSolution
		{9828B3AC-8BFA-4F40-BED9-6D1076F75EC3}.Debug|Any CPU.ActiveCfg = Debug|Any CPU
		{9828B3AC-8BFA-4F40-BED9-6D1076F75EC3}.Debug|Any CPU.Build.0 = Debug|Any CPU
		{9828B3AC-8BFA-4F40-BED9-6D1076F75EC3}.Release|Any CPU.ActiveCfg = Release|Any CPU
		{9828B3AC-8BFA-4F40-BED9-6D1076F75EC3}.Release|Any CPU.Build.0 = Release|Any CPU
		{7BAAC87D-C64A-4C34-94D2-B24F5138698D}.Debug|Any CPU.ActiveCfg = Debug|Any CPU
		{7BAAC87D-C64A-4C34-94D2-B24F5138698D}.Debug|Any CPU.Build.0 = Debug|Any CPU
		{7BAAC87D-C64A-4C34-94D2-B24F5138698D}.Release|Any CPU.ActiveCfg = Release|Any CPU
		{7BAAC87D-C64A-4C34-94D2-B24F5138698D}.Release|Any CPU.Build.0 = Release|Any CPU
		{47701321-8EA8-4177-AF0C-1E07252692A0}.Debug|Any CPU.ActiveCfg = Debug|Any CPU
		{47701321-8EA8-4177-AF0C-1E07252692A0}.Debug|Any CPU.Build.0 = Debug|Any CPU
		{47701321-8EA8-4177-AF0C-1E07252692A0}.Release|Any CPU.ActiveCfg = Release|Any CPU
		{47701321-8EA8-4177-AF0C-1E07252692A0}.Release|Any CPU.Build.0 = Release|Any CPU
		{EDA1CCBB-F1F8-44F2-9A9A-7885A72269DA}.Debug|Any CPU.ActiveCfg = Debug|Any CPU
		{EDA1CCBB-F1F8-44F2-9A9A-7885A72269DA}.Debug|Any CPU.Build.0 = Debug|Any CPU
		{EDA1CCBB-F1F8-44F2-9A9A-7885A72269DA}.Release|Any CPU.ActiveCfg = Release|Any CPU
		{EDA1CCBB-F1F8-44F2-9A9A-7885A72269DA}.Release|Any CPU.Build.0 = Release|Any CPU
		{BC6C4E06-BAFC-4653-B931-5063D660908A}.Debug|Any CPU.ActiveCfg = Debug|Any CPU
		{BC6C4E06-BAFC-4653-B931-5063D660908A}.Debug|Any CPU.Build.0 = Debug|Any CPU
		{BC6C4E06-BAFC-4653-B931-5063D660908A}.Release|Any CPU.ActiveCfg = Release|Any CPU
		{BC6C4E06-BAFC-4653-B931-5063D660908A}.Release|Any CPU.Build.0 = Release|Any CPU
		{66A9E712-AAE5-4C1D-9F29-C60206DC98D0}.Debug|Any CPU.ActiveCfg = Debug|Any CPU
		{66A9E712-AAE5-4C1D-9F29-C60206DC98D0}.Debug|Any CPU.Build.0 = Debug|Any CPU
		{66A9E712-AAE5-4C1D-9F29-C60206DC98D0}.Release|Any CPU.ActiveCfg = Release|Any CPU
		{66A9E712-AAE5-4C1D-9F29-C60206DC98D0}.Release|Any CPU.Build.0 = Release|Any CPU
		{DB4CA70D-148B-43D7-8377-13CC67F11C39}.Debug|Any CPU.ActiveCfg = Debug|Any CPU
		{DB4CA70D-148B-43D7-8377-13CC67F11C39}.Debug|Any CPU.Build.0 = Debug|Any CPU
		{DB4CA70D-148B-43D7-8377-13CC67F11C39}.Release|Any CPU.ActiveCfg = Release|Any CPU
		{DB4CA70D-148B-43D7-8377-13CC67F11C39}.Release|Any CPU.Build.0 = Release|Any CPU
		{79CED54E-B27B-4D83-9F45-DFAD4321B5DC}.Debug|Any CPU.ActiveCfg = Debug|Any CPU
		{79CED54E-B27B-4D83-9F45-DFAD4321B5DC}.Debug|Any CPU.Build.0 = Debug|Any CPU
		{79CED54E-B27B-4D83-9F45-DFAD4321B5DC}.Release|Any CPU.ActiveCfg = Release|Any CPU
		{79CED54E-B27B-4D83-9F45-DFAD4321B5DC}.Release|Any CPU.Build.0 = Release|Any CPU
		{D1E05F8F-1F5E-4BB3-AE88-ADC0D96F7664}.Debug|Any CPU.ActiveCfg = Debug|Any CPU
		{D1E05F8F-1F5E-4BB3-AE88-ADC0D96F7664}.Debug|Any CPU.Build.0 = Debug|Any CPU
		{D1E05F8F-1F5E-4BB3-AE88-ADC0D96F7664}.Release|Any CPU.ActiveCfg = Release|Any CPU
		{D1E05F8F-1F5E-4BB3-AE88-ADC0D96F7664}.Release|Any CPU.Build.0 = Release|Any CPU
		{7FDA402E-582D-40E1-A66D-8A51643D30F2}.Debug|Any CPU.ActiveCfg = Debug|Any CPU
		{7FDA402E-582D-40E1-A66D-8A51643D30F2}.Debug|Any CPU.Build.0 = Debug|Any CPU
		{7FDA402E-582D-40E1-A66D-8A51643D30F2}.Release|Any CPU.ActiveCfg = Release|Any CPU
		{7FDA402E-582D-40E1-A66D-8A51643D30F2}.Release|Any CPU.Build.0 = Release|Any CPU
		{81C8C786-C47F-451F-971B-6487465818DD}.Debug|Any CPU.ActiveCfg = Debug|Any CPU
		{81C8C786-C47F-451F-971B-6487465818DD}.Debug|Any CPU.Build.0 = Debug|Any CPU
		{81C8C786-C47F-451F-971B-6487465818DD}.Release|Any CPU.ActiveCfg = Release|Any CPU
		{81C8C786-C47F-451F-971B-6487465818DD}.Release|Any CPU.Build.0 = Release|Any CPU
		{FF0F47BF-4AB5-4C2C-814E-D9FD4FC2EC64}.Debug|Any CPU.ActiveCfg = Debug|Any CPU
		{FF0F47BF-4AB5-4C2C-814E-D9FD4FC2EC64}.Debug|Any CPU.Build.0 = Debug|Any CPU
		{FF0F47BF-4AB5-4C2C-814E-D9FD4FC2EC64}.Release|Any CPU.ActiveCfg = Release|Any CPU
		{FF0F47BF-4AB5-4C2C-814E-D9FD4FC2EC64}.Release|Any CPU.Build.0 = Release|Any CPU
		{3FC634A3-E1D9-43B1-8789-03EECCFABCC9}.Debug|Any CPU.ActiveCfg = Debug|Any CPU
		{3FC634A3-E1D9-43B1-8789-03EECCFABCC9}.Debug|Any CPU.Build.0 = Debug|Any CPU
		{3FC634A3-E1D9-43B1-8789-03EECCFABCC9}.Release|Any CPU.ActiveCfg = Release|Any CPU
		{3FC634A3-E1D9-43B1-8789-03EECCFABCC9}.Release|Any CPU.Build.0 = Release|Any CPU
		{F73F86E7-FE31-4E16-835C-7B35E01004BB}.Debug|Any CPU.ActiveCfg = Debug|Any CPU
		{F73F86E7-FE31-4E16-835C-7B35E01004BB}.Debug|Any CPU.Build.0 = Debug|Any CPU
		{F73F86E7-FE31-4E16-835C-7B35E01004BB}.Release|Any CPU.ActiveCfg = Release|Any CPU
		{F73F86E7-FE31-4E16-835C-7B35E01004BB}.Release|Any CPU.Build.0 = Release|Any CPU
		{A600AD7A-A7DA-40AC-B000-B80AB1A89764}.Debug|Any CPU.ActiveCfg = Debug|Any CPU
		{A600AD7A-A7DA-40AC-B000-B80AB1A89764}.Debug|Any CPU.Build.0 = Debug|Any CPU
		{A600AD7A-A7DA-40AC-B000-B80AB1A89764}.Release|Any CPU.ActiveCfg = Release|Any CPU
		{A600AD7A-A7DA-40AC-B000-B80AB1A89764}.Release|Any CPU.Build.0 = Release|Any CPU
		{8A9ECD68-F8D8-46D9-BBFD-2DB79F8BCA45}.Debug|Any CPU.ActiveCfg = Debug|Any CPU
		{8A9ECD68-F8D8-46D9-BBFD-2DB79F8BCA45}.Debug|Any CPU.Build.0 = Debug|Any CPU
		{8A9ECD68-F8D8-46D9-BBFD-2DB79F8BCA45}.Release|Any CPU.ActiveCfg = Release|Any CPU
		{8A9ECD68-F8D8-46D9-BBFD-2DB79F8BCA45}.Release|Any CPU.Build.0 = Release|Any CPU
		{01F923B2-6B2F-4167-B2A1-86AC4310D8DF}.Debug|Any CPU.ActiveCfg = Debug|Any CPU
		{01F923B2-6B2F-4167-B2A1-86AC4310D8DF}.Debug|Any CPU.Build.0 = Debug|Any CPU
		{01F923B2-6B2F-4167-B2A1-86AC4310D8DF}.Release|Any CPU.ActiveCfg = Release|Any CPU
		{01F923B2-6B2F-4167-B2A1-86AC4310D8DF}.Release|Any CPU.Build.0 = Release|Any CPU
		{D2F203D5-5B0C-41DC-A15B-19FEFF1D13A0}.Debug|Any CPU.ActiveCfg = Debug|Any CPU
		{D2F203D5-5B0C-41DC-A15B-19FEFF1D13A0}.Debug|Any CPU.Build.0 = Debug|Any CPU
		{D2F203D5-5B0C-41DC-A15B-19FEFF1D13A0}.Release|Any CPU.ActiveCfg = Release|Any CPU
		{D2F203D5-5B0C-41DC-A15B-19FEFF1D13A0}.Release|Any CPU.Build.0 = Release|Any CPU
		{F356DDBF-7805-4CA3-A2A5-D72E92415E34}.Debug|Any CPU.ActiveCfg = Debug|Any CPU
		{F356DDBF-7805-4CA3-A2A5-D72E92415E34}.Debug|Any CPU.Build.0 = Debug|Any CPU
		{F356DDBF-7805-4CA3-A2A5-D72E92415E34}.Release|Any CPU.ActiveCfg = Release|Any CPU
		{F356DDBF-7805-4CA3-A2A5-D72E92415E34}.Release|Any CPU.Build.0 = Release|Any CPU
		{A0FD12B3-438F-4264-81F3-E164E7957949}.Debug|Any CPU.ActiveCfg = Debug|Any CPU
		{A0FD12B3-438F-4264-81F3-E164E7957949}.Debug|Any CPU.Build.0 = Debug|Any CPU
		{A0FD12B3-438F-4264-81F3-E164E7957949}.Release|Any CPU.ActiveCfg = Release|Any CPU
		{A0FD12B3-438F-4264-81F3-E164E7957949}.Release|Any CPU.Build.0 = Release|Any CPU
		{EF246E82-82EC-4167-A119-DEB244EF92C5}.Debug|Any CPU.ActiveCfg = Debug|Any CPU
		{EF246E82-82EC-4167-A119-DEB244EF92C5}.Debug|Any CPU.Build.0 = Debug|Any CPU
		{EF246E82-82EC-4167-A119-DEB244EF92C5}.Release|Any CPU.ActiveCfg = Release|Any CPU
		{EF246E82-82EC-4167-A119-DEB244EF92C5}.Release|Any CPU.Build.0 = Release|Any CPU
		{FD687BE9-39EC-4E89-8FCE-B8F36D4477D6}.Debug|Any CPU.ActiveCfg = Debug|Any CPU
		{FD687BE9-39EC-4E89-8FCE-B8F36D4477D6}.Debug|Any CPU.Build.0 = Debug|Any CPU
		{FD687BE9-39EC-4E89-8FCE-B8F36D4477D6}.Release|Any CPU.ActiveCfg = Release|Any CPU
		{FD687BE9-39EC-4E89-8FCE-B8F36D4477D6}.Release|Any CPU.Build.0 = Release|Any CPU
		{85C35312-C351-464F-B601-9F858077D32F}.Debug|Any CPU.ActiveCfg = Debug|Any CPU
		{85C35312-C351-464F-B601-9F858077D32F}.Debug|Any CPU.Build.0 = Debug|Any CPU
		{85C35312-C351-464F-B601-9F858077D32F}.Release|Any CPU.ActiveCfg = Release|Any CPU
		{85C35312-C351-464F-B601-9F858077D32F}.Release|Any CPU.Build.0 = Release|Any CPU
		{360F3381-D611-4E30-A408-88A55E4B1711}.Debug|Any CPU.ActiveCfg = Debug|Any CPU
		{360F3381-D611-4E30-A408-88A55E4B1711}.Debug|Any CPU.Build.0 = Debug|Any CPU
		{360F3381-D611-4E30-A408-88A55E4B1711}.Release|Any CPU.ActiveCfg = Release|Any CPU
		{360F3381-D611-4E30-A408-88A55E4B1711}.Release|Any CPU.Build.0 = Release|Any CPU
		{A51BED9C-DB3C-4A21-BAA0-F83F683B1091}.Debug|Any CPU.ActiveCfg = Debug|Any CPU
		{A51BED9C-DB3C-4A21-BAA0-F83F683B1091}.Debug|Any CPU.Build.0 = Debug|Any CPU
		{A51BED9C-DB3C-4A21-BAA0-F83F683B1091}.Release|Any CPU.ActiveCfg = Release|Any CPU
		{A51BED9C-DB3C-4A21-BAA0-F83F683B1091}.Release|Any CPU.Build.0 = Release|Any CPU
		{8994BD62-839A-4558-80DA-DF46380C9493}.Debug|Any CPU.ActiveCfg = Debug|Any CPU
		{8994BD62-839A-4558-80DA-DF46380C9493}.Debug|Any CPU.Build.0 = Debug|Any CPU
		{8994BD62-839A-4558-80DA-DF46380C9493}.Release|Any CPU.ActiveCfg = Release|Any CPU
		{8994BD62-839A-4558-80DA-DF46380C9493}.Release|Any CPU.Build.0 = Release|Any CPU
	EndGlobalSection
	GlobalSection(NestedProjects) = preSolution
		{DD002750-1591-40D5-B0F2-1BF264BF042A} = {0B664B3D-9076-4D31-9364-74C0A9D17937}
		{7BAAC87D-C64A-4C34-94D2-B24F5138698D} = {DD002750-1591-40D5-B0F2-1BF264BF042A}
		{F6013CBB-E410-4656-843D-67CE9E8A2F54} = {617B8014-5C74-474A-9F43-E5D6C3D78273}
		{9828B3AC-8BFA-4F40-BED9-6D1076F75EC3} = {F6013CBB-E410-4656-843D-67CE9E8A2F54}
		{47701321-8EA8-4177-AF0C-1E07252692A0} = {DD002750-1591-40D5-B0F2-1BF264BF042A}
		{0C18B572-4343-489E-B393-38E853A92802} = {0B664B3D-9076-4D31-9364-74C0A9D17937}
		{480B9C9C-5695-4647-8473-F1C4BC753CB3} = {0B664B3D-9076-4D31-9364-74C0A9D17937}
		{41A392EC-901B-424D-ACD0-56B3CEA79C2A} = {0B664B3D-9076-4D31-9364-74C0A9D17937}
		{1F77FA85-8630-4EA0-895E-1866AC1E7FB6} = {0B664B3D-9076-4D31-9364-74C0A9D17937}
		{DC7C8439-30D9-41AD-BBF6-390F1C46690B} = {0B664B3D-9076-4D31-9364-74C0A9D17937}
		{EDA1CCBB-F1F8-44F2-9A9A-7885A72269DA} = {DC7C8439-30D9-41AD-BBF6-390F1C46690B}
		{BC6C4E06-BAFC-4653-B931-5063D660908A} = {1F77FA85-8630-4EA0-895E-1866AC1E7FB6}
		{66A9E712-AAE5-4C1D-9F29-C60206DC98D0} = {480B9C9C-5695-4647-8473-F1C4BC753CB3}
		{DB4CA70D-148B-43D7-8377-13CC67F11C39} = {41A392EC-901B-424D-ACD0-56B3CEA79C2A}
		{E6ADCF6B-7E63-4BE3-B2FC-5D5BB98ED8CB} = {617B8014-5C74-474A-9F43-E5D6C3D78273}
		{79CED54E-B27B-4D83-9F45-DFAD4321B5DC} = {E6ADCF6B-7E63-4BE3-B2FC-5D5BB98ED8CB}
		{E5833641-347B-4460-9C01-AAFE6B59D60B} = {617B8014-5C74-474A-9F43-E5D6C3D78273}
		{AD8CAAB8-D984-46AC-ABCA-D337F3901B73} = {617B8014-5C74-474A-9F43-E5D6C3D78273}
		{C52EBDAA-A454-478B-9B09-12CAE715DF9E} = {617B8014-5C74-474A-9F43-E5D6C3D78273}
		{94A6E68A-F618-4CD6-A188-A139761DC397} = {617B8014-5C74-474A-9F43-E5D6C3D78273}
		{D1E05F8F-1F5E-4BB3-AE88-ADC0D96F7664} = {1F77FA85-8630-4EA0-895E-1866AC1E7FB6}
		{7FDA402E-582D-40E1-A66D-8A51643D30F2} = {1F77FA85-8630-4EA0-895E-1866AC1E7FB6}
		{81C8C786-C47F-451F-971B-6487465818DD} = {1F77FA85-8630-4EA0-895E-1866AC1E7FB6}
		{FF0F47BF-4AB5-4C2C-814E-D9FD4FC2EC64} = {0C18B572-4343-489E-B393-38E853A92802}
		{3FC634A3-E1D9-43B1-8789-03EECCFABCC9} = {DC7C8439-30D9-41AD-BBF6-390F1C46690B}
		{F73F86E7-FE31-4E16-835C-7B35E01004BB} = {0C18B572-4343-489E-B393-38E853A92802}
		{A600AD7A-A7DA-40AC-B000-B80AB1A89764} = {0C18B572-4343-489E-B393-38E853A92802}
		{8A9ECD68-F8D8-46D9-BBFD-2DB79F8BCA45} = {480B9C9C-5695-4647-8473-F1C4BC753CB3}
		{01F923B2-6B2F-4167-B2A1-86AC4310D8DF} = {480B9C9C-5695-4647-8473-F1C4BC753CB3}
		{D2F203D5-5B0C-41DC-A15B-19FEFF1D13A0} = {480B9C9C-5695-4647-8473-F1C4BC753CB3}
		{F356DDBF-7805-4CA3-A2A5-D72E92415E34} = {41A392EC-901B-424D-ACD0-56B3CEA79C2A}
		{A0FD12B3-438F-4264-81F3-E164E7957949} = {41A392EC-901B-424D-ACD0-56B3CEA79C2A}
		{EF246E82-82EC-4167-A119-DEB244EF92C5} = {41A392EC-901B-424D-ACD0-56B3CEA79C2A}
		{FD687BE9-39EC-4E89-8FCE-B8F36D4477D6} = {AD8CAAB8-D984-46AC-ABCA-D337F3901B73}
		{85C35312-C351-464F-B601-9F858077D32F} = {E5833641-347B-4460-9C01-AAFE6B59D60B}
		{360F3381-D611-4E30-A408-88A55E4B1711} = {C52EBDAA-A454-478B-9B09-12CAE715DF9E}
		{A51BED9C-DB3C-4A21-BAA0-F83F683B1091} = {94A6E68A-F618-4CD6-A188-A139761DC397}
		{8994BD62-839A-4558-80DA-DF46380C9493} = {0C18B572-4343-489E-B393-38E853A92802}
	EndGlobalSection
EndGlobal
